
Microsoft Visual Studio Solution File, Format Version 12.00
# Visual Studio 15
VisualStudioVersion = 15.0.28307.271
MinimumVisualStudioVersion = 10.0.40219.1
Project("{FAE04EC0-301F-11D3-BF4B-00C04F79EFBC}") = "StatueStoreWebApplic", "StatueStoreWebApplic\StatueStoreWebApplic.csproj", "{FC881CAD-816F-46B8-A4E8-2E5FFB0EC887}"
EndProject
Global
	GlobalSection(SolutionConfigurationPlatforms) = preSolution
		Debug|Any CPU = Debug|Any CPU
		Release|Any CPU = Release|Any CPU
	EndGlobalSection
	GlobalSection(ProjectConfigurationPlatforms) = postSolution
		{FC881CAD-816F-46B8-A4E8-2E5FFB0EC887}.Debug|Any CPU.ActiveCfg = Debug|Any CPU
		{FC881CAD-816F-46B8-A4E8-2E5FFB0EC887}.Debug|Any CPU.Build.0 = Debug|Any CPU
		{FC881CAD-816F-46B8-A4E8-2E5FFB0EC887}.Release|Any CPU.ActiveCfg = Release|Any CPU
		{FC881CAD-816F-46B8-A4E8-2E5FFB0EC887}.Release|Any CPU.Build.0 = Release|Any CPU
	EndGlobalSection
	GlobalSection(SolutionProperties) = preSolution
		HideSolutionNode = FALSE
	EndGlobalSection
	GlobalSection(ExtensibilityGlobals) = postSolution
		SolutionGuid = {506666DE-6950-4C67-904B-22FEDB03CF6D}
	EndGlobalSection
EndGlobal
